<Solution>
  <Project Path="../../shared/Taska.Shared/Taska.Shared/Taska.Shared.csproj" />
  <Project Path="Taska.Core.API/Taska.Core.API.csproj" />
  <Project Path="Taska.Core.Application/Taska.Core.Application.csproj" />
  <Project Path="Taska.Core.Domain/Taska.Core.Domain.csproj" />
  <Project Path="Taska.Core.Infrastructure/Taska.Core.Infrastructure.csproj" />
</Solution>
